
Microsoft Visual Studio Solution File, Format Version 12.00
# Visual Studio Version 16
VisualStudioVersion = 16.0.30717.126
MinimumVisualStudioVersion = 10.0.40219.1
Project("{9A19103F-16F7-4668-BE54-9A1E7A4F7556}") = "SchoolCrud", "Escuela\SchoolCrud.csproj", "{3E3B9230-05F8-4D09-B419-278EAE6BE31C}"
EndProject
Global
	GlobalSection(SolutionConfigurationPlatforms) = preSolution
		Debug|Any CPU = Debug|Any CPU
		Release|Any CPU = Release|Any CPU
	EndGlobalSection
	GlobalSection(ProjectConfigurationPlatforms) = postSolution
		{3E3B9230-05F8-4D09-B419-278EAE6BE31C}.Debug|Any CPU.ActiveCfg = Debug|Any CPU
		{3E3B9230-05F8-4D09-B419-278EAE6BE31C}.Debug|Any CPU.Build.0 = Debug|Any CPU
		{3E3B9230-05F8-4D09-B419-278EAE6BE31C}.Release|Any CPU.ActiveCfg = Release|Any CPU
		{3E3B9230-05F8-4D09-B419-278EAE6BE31C}.Release|Any CPU.Build.0 = Release|Any CPU
	EndGlobalSection
	GlobalSection(SolutionProperties) = preSolution
		HideSolutionNode = FALSE
	EndGlobalSection
	GlobalSection(ExtensibilityGlobals) = postSolution
		SolutionGuid = {52243946-5383-475E-8B4C-C4C0B1891688}
	EndGlobalSection
EndGlobal
